
Microsoft Visual Studio Solution File, Format Version 12.00
# Visual Studio Version 17
VisualStudioVersion = 17.0.32126.317
MinimumVisualStudioVersion = 10.0.40219.1
Project("{FAE04EC0-301F-11D3-BF4B-00C04F79EFBC}") = "LocalCommunitySite.API", "LocalCommunitySite_BE\LocalCommunitySite.API.csproj", "{7C9540D0-DEAB-46A3-85E0-9C9E040FB0A8}"
EndProject
Project("{FAE04EC0-301F-11D3-BF4B-00C04F79EFBC}") = "LocalCommunitySite.Domain", "LocalCommunitySite.Domain\LocalCommunitySite.Domain.csproj", "{4877E318-8FC8-4D74-8E4B-2ADE0C848580}"
EndProject
Project("{FAE04EC0-301F-11D3-BF4B-00C04F79EFBC}") = "LocalCommunitySite.Infrastructure", "LocalCommunitySite.Infrastructure\LocalCommunitySite.Infrastructure.csproj", "{803511AF-B8C5-4AF4-BA35-2AD0965A7513}"
EndProject
Global
	GlobalSection(SolutionConfigurationPlatforms) = preSolution
		Debug|Any CPU = Debug|Any CPU
		Release|Any CPU = Release|Any CPU
	EndGlobalSection
	GlobalSection(ProjectConfigurationPlatforms) = postSolution
		{7C9540D0-DEAB-46A3-85E0-9C9E040FB0A8}.Debug|Any CPU.ActiveCfg = Debug|Any CPU
		{7C9540D0-DEAB-46A3-85E0-9C9E040FB0A8}.Debug|Any CPU.Build.0 = Debug|Any CPU
		{7C9540D0-DEAB-46A3-85E0-9C9E040FB0A8}.Release|Any CPU.ActiveCfg = Release|Any CPU
		{7C9540D0-DEAB-46A3-85E0-9C9E040FB0A8}.Release|Any CPU.Build.0 = Release|Any CPU
		{4877E318-8FC8-4D74-8E4B-2ADE0C848580}.Debug|Any CPU.ActiveCfg = Debug|Any CPU
		{4877E318-8FC8-4D74-8E4B-2ADE0C848580}.Debug|Any CPU.Build.0 = Debug|Any CPU
		{4877E318-8FC8-4D74-8E4B-2ADE0C848580}.Release|Any CPU.ActiveCfg = Release|Any CPU
		{4877E318-8FC8-4D74-8E4B-2ADE0C848580}.Release|Any CPU.Build.0 = Release|Any CPU
		{803511AF-B8C5-4AF4-BA35-2AD0965A7513}.Debug|Any CPU.ActiveCfg = Debug|Any CPU
		{803511AF-B8C5-4AF4-BA35-2AD0965A7513}.Debug|Any CPU.Build.0 = Debug|Any CPU
		{803511AF-B8C5-4AF4-BA35-2AD0965A7513}.Release|Any CPU.ActiveCfg = Release|Any CPU
		{803511AF-B8C5-4AF4-BA35-2AD0965A7513}.Release|Any CPU.Build.0 = Release|Any CPU
	EndGlobalSection
	GlobalSection(SolutionProperties) = preSolution
		HideSolutionNode = FALSE
	EndGlobalSection
	GlobalSection(ExtensibilityGlobals) = postSolution
		SolutionGuid = {7858C89D-9DDA-453C-A8D2-A2926BF80708}
	EndGlobalSection
EndGlobal
